// !$*UTF8*$!
{
	archiveVersion = 1;
	classes = {
	};
	objectVersion = 55;
	objects = {

/* Begin PBXBuildFile section */
		917340BE27B4FE28003F53A2 /* ThemeParksRow.swift in Sources */ = {isa = PBXBuildFile; fileRef = 917340BD27B4FE28003F53A2 /* ThemeParksRow.swift */; };
		917340C027B50832003F53A2 /* ThemeParksList.swift in Sources */ = {isa = PBXBuildFile; fileRef = 917340BF27B50831003F53A2 /* ThemeParksList.swift */; };
		917340C227B50AC9003F53A2 /* ThemeParkDetail.swift in Sources */ = {isa = PBXBuildFile; fileRef = 917340C127B50AC9003F53A2 /* ThemeParkDetail.swift */; };
		917340C427B51E22003F53A2 /* FavoriteButton.swift in Sources */ = {isa = PBXBuildFile; fileRef = 917340C327B51E22003F53A2 /* FavoriteButton.swift */; };
		91A2DFA527B3820D00110C80 /* CircleImage.swift in Sources */ = {isa = PBXBuildFile; fileRef = 91A2DFA427B3820D00110C80 /* CircleImage.swift */; };
		91A2DFA727B3BF5A00110C80 /* MapView.swift in Sources */ = {isa = PBXBuildFile; fileRef = 91A2DFA627B3BF5A00110C80 /* MapView.swift */; };
		91A2DFAD27B3D22F00110C80 /* ThemePark.swift in Sources */ = {isa = PBXBuildFile; fileRef = 91A2DFAC27B3D22F00110C80 /* ThemePark.swift */; };
		91A2DFAF27B3D5C700110C80 /* ModelData.swift in Sources */ = {isa = PBXBuildFile; fileRef = 91A2DFAE27B3D5C700110C80 /* ModelData.swift */; };
		91A2DFB627B3D82100110C80 /* ThemeParkData.json in Resources */ = {isa = PBXBuildFile; fileRef = 91A2DFB527B3D82000110C80 /* ThemeParkData.json */; };
		91CD6F8427A9B0AA00C91BC4 /* ThemeParks.swift in Sources */ = {isa = PBXBuildFile; fileRef = 91CD6F8327A9B0AA00C91BC4 /* ThemeParks.swift */; };
		91CD6F8627A9B0AA00C91BC4 /* ContentView.swift in Sources */ = {isa = PBXBuildFile; fileRef = 91CD6F8527A9B0AA00C91BC4 /* ContentView.swift */; };
		91CD6F8827A9B0B400C91BC4 /* Assets.xcassets in Resources */ = {isa = PBXBuildFile; fileRef = 91CD6F8727A9B0B400C91BC4 /* Assets.xcassets */; };
		91CD6F8B27A9B0B400C91BC4 /* Preview Assets.xcassets in Resources */ = {isa = PBXBuildFile; fileRef = 91CD6F8A27A9B0B400C91BC4 /* Preview Assets.xcassets */; };
		91CD6F9527A9B0B400C91BC4 /* Assignment0210Tests.swift in Sources */ = {isa = PBXBuildFile; fileRef = 91CD6F9427A9B0B400C91BC4 /* Assignment0210Tests.swift */; };
		91CD6F9F27A9B0B400C91BC4 /* Assignment0210UITests.swift in Sources */ = {isa = PBXBuildFile; fileRef = 91CD6F9E27A9B0B400C91BC4 /* Assignment0210UITests.swift */; };
		91CD6FA127A9B0B400C91BC4 /* Assignment0210UITestsLaunchTests.swift in Sources */ = {isa = PBXBuildFile; fileRef = 91CD6FA027A9B0B400C91BC4 /* Assignment0210UITestsLaunchTests.swift */; };
/* End PBXBuildFile section */

/* Begin PBXContainerItemProxy section */
		91CD6F9127A9B0B400C91BC4 /* PBXContainerItemProxy */ = {
			isa = PBXContainerItemProxy;
			containerPortal = 91CD6F7827A9B0A900C91BC4 /* Project object */;
			proxyType = 1;
			remoteGlobalIDString = 91CD6F7F27A9B0AA00C91BC4;
			remoteInfo = Assignment0210;
		};
		91CD6F9B27A9B0B400C91BC4 /* PBXContainerItemProxy */ = {
			isa = PBXContainerItemProxy;
			containerPortal = 91CD6F7827A9B0A900C91BC4 /* Project object */;
			proxyType = 1;
			remoteGlobalIDString = 91CD6F7F27A9B0AA00C91BC4;
			remoteInfo = Assignment0210;
		};
/* End PBXContainerItemProxy section */

/* Begin PBXFileReference section */
		917340BD27B4FE28003F53A2 /* ThemeParksRow.swift */ = {isa = PBXFileReference; lastKnownFileType = sourcecode.swift; path = ThemeParksRow.swift; sourceTree = "<group>"; };
		917340BF27B50831003F53A2 /* ThemeParksList.swift */ = {isa = PBXFileReference; lastKnownFileType = sourcecode.swift; path = ThemeParksList.swift; sourceTree = "<group>"; };
		917340C127B50AC9003F53A2 /* ThemeParkDetail.swift */ = {isa = PBXFileReference; lastKnownFileType = sourcecode.swift; path = ThemeParkDetail.swift; sourceTree = "<group>"; };
		917340C327B51E22003F53A2 /* FavoriteButton.swift */ = {isa = PBXFileReference; lastKnownFileType = sourcecode.swift; path = FavoriteButton.swift; sourceTree = "<group>"; };
		91A2DFA427B3820D00110C80 /* CircleImage.swift */ = {isa = PBXFileReference; lastKnownFileType = sourcecode.swift; path = CircleImage.swift; sourceTree = "<group>"; };
		91A2DFA627B3BF5A00110C80 /* MapView.swift */ = {isa = PBXFileReference; lastKnownFileType = sourcecode.swift; path = MapView.swift; sourceTree = "<group>"; };
		91A2DFAC27B3D22F00110C80 /* ThemePark.swift */ = {isa = PBXFileReference; lastKnownFileType = sourcecode.swift; path = ThemePark.swift; sourceTree = "<group>"; };
		91A2DFAE27B3D5C700110C80 /* ModelData.swift */ = {isa = PBXFileReference; lastKnownFileType = sourcecode.swift; path = ModelData.swift; sourceTree = "<group>"; };
		91A2DFB527B3D82000110C80 /* ThemeParkData.json */ = {isa = PBXFileReference; fileEncoding = 4; lastKnownFileType = text.json; path = ThemeParkData.json; sourceTree = "<group>"; };
		91CD6F8027A9B0AA00C91BC4 /* Assignment0210.app */ = {isa = PBXFileReference; explicitFileType = wrapper.application; includeInIndex = 0; path = Assignment0210.app; sourceTree = BUILT_PRODUCTS_DIR; };
		91CD6F8327A9B0AA00C91BC4 /* ThemeParks.swift */ = {isa = PBXFileReference; lastKnownFileType = sourcecode.swift; path = ThemeParks.swift; sourceTree = "<group>"; };
		91CD6F8527A9B0AA00C91BC4 /* ContentView.swift */ = {isa = PBXFileReference; lastKnownFileType = sourcecode.swift; path = ContentView.swift; sourceTree = "<group>"; };
		91CD6F8727A9B0B400C91BC4 /* Assets.xcassets */ = {isa = PBXFileReference; lastKnownFileType = folder.assetcatalog; path = Assets.xcassets; sourceTree = "<group>"; };
		91CD6F8A27A9B0B400C91BC4 /* Preview Assets.xcassets */ = {isa = PBXFileReference; lastKnownFileType = folder.assetcatalog; path = "Preview Assets.xcassets"; sourceTree = "<group>"; };
		91CD6F9027A9B0B400C91BC4 /* Assignment0210Tests.xctest */ = {isa = PBXFileReference; explicitFileType = wrapper.cfbundle; includeInIndex = 0; path = Assignment0210Tests.xctest; sourceTree = BUILT_PRODUCTS_DIR; };
		91CD6F9427A9B0B400C91BC4 /* Assignment0210Tests.swift */ = {isa = PBXFileReference; lastKnownFileType = sourcecode.swift; path = Assignment0210Tests.swift; sourceTree = "<group>"; };
		91CD6F9A27A9B0B400C91BC4 /* Assignment0210UITests.xctest */ = {isa = PBXFileReference; explicitFileType = wrapper.cfbundle; includeInIndex = 0; path = Assignment0210UITests.xctest; sourceTree = BUILT_PRODUCTS_DIR; };
		91CD6F9E27A9B0B400C91BC4 /* Assignment0210UITests.swift */ = {isa = PBXFileReference; lastKnownFileType = sourcecode.swift; path = Assignment0210UITests.swift; sourceTree = "<group>"; };
		91CD6FA027A9B0B400C91BC4 /* Assignment0210UITestsLaunchTests.swift */ = {isa = PBXFileReference; lastKnownFileType = sourcecode.swift; path = Assignment0210UITestsLaunchTests.swift; sourceTree = "<group>"; };
/* End PBXFileReference section */

/* Begin PBXFrameworksBuildPhase section */
		91CD6F7D27A9B0AA00C91BC4 /* Frameworks */ = {
			isa = PBXFrameworksBuildPhase;
			buildActionMask = 2147483647;
			files = (
			);
			runOnlyForDeploymentPostprocessing = 0;
		};
		91CD6F8D27A9B0B400C91BC4 /* Frameworks */ = {
			isa = PBXFrameworksBuildPhase;
			buildActionMask = 2147483647;
			files = (
			);
			runOnlyForDeploymentPostprocessing = 0;
		};
		91CD6F9727A9B0B400C91BC4 /* Frameworks */ = {
			isa = PBXFrameworksBuildPhase;
			buildActionMask = 2147483647;
			files = (
			);
			runOnlyForDeploymentPostprocessing = 0;
		};
/* End PBXFrameworksBuildPhase section */

/* Begin PBXGroup section */
		917340C527B51E84003F53A2 /* Helpers */ = {
			isa = PBXGroup;
			children = (
				91A2DFA627B3BF5A00110C80 /* MapView.swift */,
				917340C327B51E22003F53A2 /* FavoriteButton.swift */,
				91A2DFA427B3820D00110C80 /* CircleImage.swift */,
			);
			path = Helpers;
			sourceTree = "<group>";
		};
		917340C627B51E98003F53A2 /* ThemeParks */ = {
			isa = PBXGroup;
			children = (
				917340BF27B50831003F53A2 /* ThemeParksList.swift */,
				917340BD27B4FE28003F53A2 /* ThemeParksRow.swift */,
				917340C127B50AC9003F53A2 /* ThemeParkDetail.swift */,
			);
			path = ThemeParks;
			sourceTree = "<group>";
		};
		91A2DFB027B3D6E000110C80 /* View */ = {
			isa = PBXGroup;
			children = (
				91CD6F8527A9B0AA00C91BC4 /* ContentView.swift */,
				917340C627B51E98003F53A2 /* ThemeParks */,
				917340C527B51E84003F53A2 /* Helpers */,
			);
			path = View;
			sourceTree = "<group>";
		};
		91A2DFB127B3D71900110C80 /* Model */ = {
			isa = PBXGroup;
			children = (
				91A2DFAC27B3D22F00110C80 /* ThemePark.swift */,
				91A2DFAE27B3D5C700110C80 /* ModelData.swift */,
			);
			path = Model;
			sourceTree = "<group>";
		};
		91A2DFB227B3D74900110C80 /* Resources */ = {
			isa = PBXGroup;
			children = (
				91A2DFB527B3D82000110C80 /* ThemeParkData.json */,
			);
			path = Resources;
			sourceTree = "<group>";
		};
		91CD6F7727A9B0A900C91BC4 = {
			isa = PBXGroup;
			children = (
				91CD6F8227A9B0AA00C91BC4 /* ThemeParks */,
				91CD6F9327A9B0B400C91BC4 /* Assignment0210Tests */,
				91CD6F9D27A9B0B400C91BC4 /* Assignment0210UITests */,
				91CD6F8127A9B0AA00C91BC4 /* Products */,
			);
			sourceTree = "<group>";
		};
		91CD6F8127A9B0AA00C91BC4 /* Products */ = {
			isa = PBXGroup;
			children = (
				91CD6F8027A9B0AA00C91BC4 /* Assignment0210.app */,
				91CD6F9027A9B0B400C91BC4 /* Assignment0210Tests.xctest */,
				91CD6F9A27A9B0B400C91BC4 /* Assignment0210UITests.xctest */,
			);
			name = Products;
			sourceTree = "<group>";
		};
		91CD6F8227A9B0AA00C91BC4 /* ThemeParks */ = {
			isa = PBXGroup;
			children = (
				91CD6F8327A9B0AA00C91BC4 /* ThemeParks.swift */,
				91CD6F8727A9B0B400C91BC4 /* Assets.xcassets */,
				91A2DFB027B3D6E000110C80 /* View */,
				91A2DFB127B3D71900110C80 /* Model */,
				91A2DFB227B3D74900110C80 /* Resources */,
				91CD6F8927A9B0B400C91BC4 /* Preview Content */,
			);
			path = ThemeParks;
			sourceTree = "<group>";
		};
		91CD6F8927A9B0B400C91BC4 /* Preview Content */ = {
			isa = PBXGroup;
			children = (
				91CD6F8A27A9B0B400C91BC4 /* Preview Assets.xcassets */,
			);
			path = "Preview Content";
			sourceTree = "<group>";
		};
		91CD6F9327A9B0B400C91BC4 /* Assignment0210Tests */ = {
			isa = PBXGroup;
			children = (
				91CD6F9427A9B0B400C91BC4 /* Assignment0210Tests.swift */,
			);
			path = Assignment0210Tests;
			sourceTree = "<group>";
		};
		91CD6F9D27A9B0B400C91BC4 /* Assignment0210UITests */ = {
			isa = PBXGroup;
			children = (
				91CD6F9E27A9B0B400C91BC4 /* Assignment0210UITests.swift */,
				91CD6FA027A9B0B400C91BC4 /* Assignment0210UITestsLaunchTests.swift */,
			);
			path = Assignment0210UITests;
			sourceTree = "<group>";
		};
/* End PBXGroup section */

/* Begin PBXNativeTarget section */
		91CD6F7F27A9B0AA00C91BC4 /* Assignment0210 */ = {
			isa = PBXNativeTarget;
			buildConfigurationList = 91CD6FA427A9B0B400C91BC4 /* Build configuration list for PBXNativeTarget "Assignment0210" */;
			buildPhases = (
				91CD6F7C27A9B0AA00C91BC4 /* Sources */,
				91CD6F7D27A9B0AA00C91BC4 /* Frameworks */,
				91CD6F7E27A9B0AA00C91BC4 /* Resources */,
			);
			buildRules = (
			);
			dependencies = (
			);
			name = Assignment0210;
			productName = Assignment0210;
			productReference = 91CD6F8027A9B0AA00C91BC4 /* Assignment0210.app */;
			productType = "com.apple.product-type.application";
		};
		91CD6F8F27A9B0B400C91BC4 /* Assignment0210Tests */ = {
			isa = PBXNativeTarget;
			buildConfigurationList = 91CD6FA727A9B0B400C91BC4 /* Build configuration list for PBXNativeTarget "Assignment0210Tests" */;
			buildPhases = (
				91CD6F8C27A9B0B400C91BC4 /* Sources */,
				91CD6F8D27A9B0B400C91BC4 /* Frameworks */,
				91CD6F8E27A9B0B400C91BC4 /* Resources */,
			);
			buildRules = (
			);
			dependencies = (
				91CD6F9227A9B0B400C91BC4 /* PBXTargetDependency */,
			);
			name = Assignment0210Tests;
			productName = Assignment0210Tests;
			productReference = 91CD6F9027A9B0B400C91BC4 /* Assignment0210Tests.xctest */;
			productType = "com.apple.product-type.bundle.unit-test";
		};
		91CD6F9927A9B0B400C91BC4 /* Assignment0210UITests */ = {
			isa = PBXNativeTarget;
			buildConfigurationList = 91CD6FAA27A9B0B400C91BC4 /* Build configuration list for PBXNativeTarget "Assignment0210UITests" */;
			buildPhases = (
				91CD6F9627A9B0B400C91BC4 /* Sources */,
				91CD6F9727A9B0B400C91BC4 /* Frameworks */,
				91CD6F9827A9B0B400C91BC4 /* Resources */,
			);
			buildRules = (
			);
			dependencies = (
				91CD6F9C27A9B0B400C91BC4 /* PBXTargetDependency */,
			);
			name = Assignment0210UITests;
			productName = Assignment0210UITests;
			productReference = 91CD6F9A27A9B0B400C91BC4 /* Assignment0210UITests.xctest */;
			productType = "com.apple.product-type.bundle.ui-testing";
		};
/* End PBXNativeTarget section */

/* Begin PBXProject section */
		91CD6F7827A9B0A900C91BC4 /* Project object */ = {
			isa = PBXProject;
			attributes = {
				BuildIndependentTargetsInParallel = 1;
				LastSwiftUpdateCheck = 1320;
				LastUpgradeCheck = 1320;
				TargetAttributes = {
					91CD6F7F27A9B0AA00C91BC4 = {
						CreatedOnToolsVersion = 13.2.1;
					};
					91CD6F8F27A9B0B400C91BC4 = {
						CreatedOnToolsVersion = 13.2.1;
						TestTargetID = 91CD6F7F27A9B0AA00C91BC4;
					};
					91CD6F9927A9B0B400C91BC4 = {
						CreatedOnToolsVersion = 13.2.1;
						TestTargetID = 91CD6F7F27A9B0AA00C91BC4;
					};
				};
			};
			buildConfigurationList = 91CD6F7B27A9B0A900C91BC4 /* Build configuration list for PBXProject "ThemeParks" */;
			compatibilityVersion = "Xcode 13.0";
			developmentRegion = en;
			hasScannedForEncodings = 0;
			knownRegions = (
				en,
				Base,
			);
			mainGroup = 91CD6F7727A9B0A900C91BC4;
			productRefGroup = 91CD6F8127A9B0AA00C91BC4 /* Products */;
			projectDirPath = "";
			projectRoot = "";
			targets = (
				91CD6F7F27A9B0AA00C91BC4 /* Assignment0210 */,
				91CD6F8F27A9B0B400C91BC4 /* Assignment0210Tests */,
				91CD6F9927A9B0B400C91BC4 /* Assignment0210UITests */,
			);
		};
/* End PBXProject section */

/* Begin PBXResourcesBuildPhase section */
		91CD6F7E27A9B0AA00C91BC4 /* Resources */ = {
			isa = PBXResourcesBuildPhase;
			buildActionMask = 2147483647;
			files = (
				91A2DFB627B3D82100110C80 /* ThemeParkData.json in Resources */,
				91CD6F8B27A9B0B400C91BC4 /* Preview Assets.xcassets in Resources */,
				91CD6F8827A9B0B400C91BC4 /* Assets.xcassets in Resources */,
			);
			runOnlyForDeploymentPostprocessing = 0;
		};
		91CD6F8E27A9B0B400C91BC4 /* Resources */ = {
			isa = PBXResourcesBuildPhase;
			buildActionMask = 2147483647;
			files = (
			);
			runOnlyForDeploymentPostprocessing = 0;
		};
		91CD6F9827A9B0B400C91BC4 /* Resources */ = {
			isa = PBXResourcesBuildPhase;
			buildActionMask = 2147483647;
			files = (
			);
			runOnlyForDeploymentPostprocessing = 0;
		};
/* End PBXResourcesBuildPhase section */

/* Begin PBXSourcesBuildPhase section */
		91CD6F7C27A9B0AA00C91BC4 /* Sources */ = {
			isa = PBXSourcesBuildPhase;
			buildActionMask = 2147483647;
			files = (
				91CD6F8627A9B0AA00C91BC4 /* ContentView.swift in Sources */,
				91A2DFA727B3BF5A00110C80 /* MapView.swift in Sources */,
				91CD6F8427A9B0AA00C91BC4 /* ThemeParks.swift in Sources */,
				917340C427B51E22003F53A2 /* FavoriteButton.swift in Sources */,
				917340C227B50AC9003F53A2 /* ThemeParkDetail.swift in Sources */,
				91A2DFAD27B3D22F00110C80 /* ThemePark.swift in Sources */,
				91A2DFA527B3820D00110C80 /* CircleImage.swift in Sources */,
				917340BE27B4FE28003F53A2 /* ThemeParksRow.swift in Sources */,
				91A2DFAF27B3D5C700110C80 /* ModelData.swift in Sources */,
				917340C027B50832003F53A2 /* ThemeParksList.swift in Sources */,
			);
			runOnlyForDeploymentPostprocessing = 0;
		};
		91CD6F8C27A9B0B400C91BC4 /* Sources */ = {
			isa = PBXSourcesBuildPhase;
			buildActionMask = 2147483647;
			files = (
				91CD6F9527A9B0B400C91BC4 /* Assignment0210Tests.swift in Sources */,
			);
			runOnlyForDeploymentPostprocessing = 0;
		};
		91CD6F9627A9B0B400C91BC4 /* Sources */ = {
			isa = PBXSourcesBuildPhase;
			buildActionMask = 2147483647;
			files = (
				91CD6FA127A9B0B400C91BC4 /* Assignment0210UITestsLaunchTests.swift in Sources */,
				91CD6F9F27A9B0B400C91BC4 /* Assignment0210UITests.swift in Sources */,
			);
			runOnlyForDeploymentPostprocessing = 0;
		};
/* End PBXSourcesBuildPhase section */

/* Begin PBXTargetDependency section */
		91CD6F9227A9B0B400C91BC4 /* PBXTargetDependency */ = {
			isa = PBXTargetDependency;
			target = 91CD6F7F27A9B0AA00C91BC4 /* Assignment0210 */;
			targetProxy = 91CD6F9127A9B0B400C91BC4 /* PBXContainerItemProxy */;
		};
		91CD6F9C27A9B0B400C91BC4 /* PBXTargetDependency */ = {
			isa = PBXTargetDependency;
			target = 91CD6F7F27A9B0AA00C91BC4 /* Assignment0210 */;
			targetProxy = 91CD6F9B27A9B0B400C91BC4 /* PBXContainerItemProxy */;
		};
/* End PBXTargetDependency section */

/* Begin XCBuildConfiguration section */
		91CD6FA227A9B0B400C91BC4 /* Debug */ = {
			isa = XCBuildConfiguration;
			buildSettings = {
				ALWAYS_SEARCH_USER_PATHS = NO;
				CLANG_ANALYZER_NONNULL = YES;
				CLANG_ANALYZER_NUMBER_OBJECT_CONVERSION = YES_AGGRESSIVE;
				CLANG_CXX_LANGUAGE_STANDARD = "gnu++17";
				CLANG_CXX_LIBRARY = "libc++";
				CLANG_ENABLE_MODULES = YES;
				CLANG_ENABLE_OBJC_ARC = YES;
				CLANG_ENABLE_OBJC_WEAK = YES;
				CLANG_WARN_BLOCK_CAPTURE_AUTORELEASING = YES;
				CLANG_WARN_BOOL_CONVERSION = YES;
				CLANG_WARN_COMMA = YES;
				CLANG_WARN_CONSTANT_CONVERSION = YES;
				CLANG_WARN_DEPRECATED_OBJC_IMPLEMENTATIONS = YES;
				CLANG_WARN_DIRECT_OBJC_ISA_USAGE = YES_ERROR;
				CLANG_WARN_DOCUMENTATION_COMMENTS = YES;
				CLANG_WARN_EMPTY_BODY = YES;
				CLANG_WARN_ENUM_CONVERSION = YES;
				CLANG_WARN_INFINITE_RECURSION = YES;
				CLANG_WARN_INT_CONVERSION = YES;
				CLANG_WARN_NON_LITERAL_NULL_CONVERSION = YES;
				CLANG_WARN_OBJC_IMPLICIT_RETAIN_SELF = YES;
				CLANG_WARN_OBJC_LITERAL_CONVERSION = YES;
				CLANG_WARN_OBJC_ROOT_CLASS = YES_ERROR;
				CLANG_WARN_QUOTED_INCLUDE_IN_FRAMEWORK_HEADER = YES;
				CLANG_WARN_RANGE_LOOP_ANALYSIS = YES;
				CLANG_WARN_STRICT_PROTOTYPES = YES;
				CLANG_WARN_SUSPICIOUS_MOVE = YES;
				CLANG_WARN_UNGUARDED_AVAILABILITY = YES_AGGRESSIVE;
				CLANG_WARN_UNREACHABLE_CODE = YES;
				CLANG_WARN__DUPLICATE_METHOD_MATCH = YES;
				COPY_PHASE_STRIP = NO;
				DEBUG_INFORMATION_FORMAT = dwarf;
				ENABLE_STRICT_OBJC_MSGSEND = YES;
				ENABLE_TESTABILITY = YES;
				GCC_C_LANGUAGE_STANDARD = gnu11;
				GCC_DYNAMIC_NO_PIC = NO;
				GCC_NO_COMMON_BLOCKS = YES;
				GCC_OPTIMIZATION_LEVEL = 0;
				GCC_PREPROCESSOR_DEFINITIONS = (
					"DEBUG=1",
					"$(inherited)",
				);
				GCC_WARN_64_TO_32_BIT_CONVERSION = YES;
				GCC_WARN_ABOUT_RETURN_TYPE = YES_ERROR;
				GCC_WARN_UNDECLARED_SELECTOR = YES;
				GCC_WARN_UNINITIALIZED_AUTOS = YES_AGGRESSIVE;
				GCC_WARN_UNUSED_FUNCTION = YES;
				GCC_WARN_UNUSED_VARIABLE = YES;
				IPHONEOS_DEPLOYMENT_TARGET = 15.2;
				MTL_ENABLE_DEBUG_INFO = INCLUDE_SOURCE;
				MTL_FAST_MATH = YES;
				ONLY_ACTIVE_ARCH = YES;
				SDKROOT = iphoneos;
				SWIFT_ACTIVE_COMPILATION_CONDITIONS = DEBUG;
				SWIFT_OPTIMIZATION_LEVEL = "-Onone";
			};
			name = Debug;
		};
		91CD6FA327A9B0B400C91BC4 /* Release */ = {
			isa = XCBuildConfiguration;
			buildSettings = {
				ALWAYS_SEARCH_USER_PATHS = NO;
				CLANG_ANALYZER_NONNULL = YES;
				CLANG_ANALYZER_NUMBER_OBJECT_CONVERSION = YES_AGGRESSIVE;
				CLANG_CXX_LANGUAGE_STANDARD = "gnu++17";
				CLANG_CXX_LIBRARY = "libc++";
				CLANG_ENABLE_MODULES = YES;
				CLANG_ENABLE_OBJC_ARC = YES;
				CLANG_ENABLE_OBJC_WEAK = YES;
				CLANG_WARN_BLOCK_CAPTURE_AUTORELEASING = YES;
				CLANG_WARN_BOOL_CONVERSION = YES;
				CLANG_WARN_COMMA = YES;
				CLANG_WARN_CONSTANT_CONVERSION = YES;
				CLANG_WARN_DEPRECATED_OBJC_IMPLEMENTATIONS = YES;
				CLANG_WARN_DIRECT_OBJC_ISA_USAGE = YES_ERROR;
				CLANG_WARN_DOCUMENTATION_COMMENTS = YES;
				CLANG_WARN_EMPTY_BODY = YES;
				CLANG_WARN_ENUM_CONVERSION = YES;
				CLANG_WARN_INFINITE_RECURSION = YES;
				CLANG_WARN_INT_CONVERSION = YES;
				CLANG_WARN_NON_LITERAL_NULL_CONVERSION = YES;
				CLANG_WARN_OBJC_IMPLICIT_RETAIN_SELF = YES;
				CLANG_WARN_OBJC_LITERAL_CONVERSION = YES;
				CLANG_WARN_OBJC_ROOT_CLASS = YES_ERROR;
				CLANG_WARN_QUOTED_INCLUDE_IN_FRAMEWORK_HEADER = YES;
				CLANG_WARN_RANGE_LOOP_ANALYSIS = YES;
				CLANG_WARN_STRICT_PROTOTYPES = YES;
				CLANG_WARN_SUSPICIOUS_MOVE = YES;
				CLANG_WARN_UNGUARDED_AVAILABILITY = YES_AGGRESSIVE;
				CLANG_WARN_UNREACHABLE_CODE = YES;
				CLANG_WARN__DUPLICATE_METHOD_MATCH = YES;
				COPY_PHASE_STRIP = NO;
				DEBUG_INFORMATION_FORMAT = "dwarf-with-dsym";
				ENABLE_NS_ASSERTIONS = NO;
				ENABLE_STRICT_OBJC_MSGSEND = YES;
				GCC_C_LANGUAGE_STANDARD = gnu11;
				GCC_NO_COMMON_BLOCKS = YES;
				GCC_WARN_64_TO_32_BIT_CONVERSION = YES;
				GCC_WARN_ABOUT_RETURN_TYPE = YES_ERROR;
				GCC_WARN_UNDECLARED_SELECTOR = YES;
				GCC_WARN_UNINITIALIZED_AUTOS = YES_AGGRESSIVE;
				GCC_WARN_UNUSED_FUNCTION = YES;
				GCC_WARN_UNUSED_VARIABLE = YES;
				IPHONEOS_DEPLOYMENT_TARGET = 15.2;
				MTL_ENABLE_DEBUG_INFO = NO;
				MTL_FAST_MATH = YES;
				SDKROOT = iphoneos;
				SWIFT_COMPILATION_MODE = wholemodule;
				SWIFT_OPTIMIZATION_LEVEL = "-O";
				VALIDATE_PRODUCT = YES;
			};
			name = Release;
		};
		91CD6FA527A9B0B400C91BC4 /* Debug */ = {
			isa = XCBuildConfiguration;
			buildSettings = {
				ASSETCATALOG_COMPILER_APPICON_NAME = AppIcon;
				ASSETCATALOG_COMPILER_GLOBAL_ACCENT_COLOR_NAME = AccentColor;
				CODE_SIGN_STYLE = Automatic;
				CURRENT_PROJECT_VERSION = 1;
				DEVELOPMENT_ASSET_PATHS = "\"Assignment0210/Preview Content\"";
				ENABLE_PREVIEWS = YES;
				GENERATE_INFOPLIST_FILE = YES;
				INFOPLIST_KEY_UIApplicationSceneManifest_Generation = YES;
				INFOPLIST_KEY_UIApplicationSupportsIndirectInputEvents = YES;
				INFOPLIST_KEY_UILaunchScreen_Generation = YES;
				INFOPLIST_KEY_UISupportedInterfaceOrientations_iPad = "UIInterfaceOrientationPortrait UIInterfaceOrientationPortraitUpsideDown UIInterfaceOrientationLandscapeLeft UIInterfaceOrientationLandscapeRight";
				INFOPLIST_KEY_UISupportedInterfaceOrientations_iPhone = "UIInterfaceOrientationPortrait UIInterfaceOrientationLandscapeLeft UIInterfaceOrientationLandscapeRight";
				LD_RUNPATH_SEARCH_PATHS = (
					"$(inherited)",
					"@executable_path/Frameworks",
				);
				MARKETING_VERSION = 1.0;
				PRODUCT_BUNDLE_IDENTIFIER = lmu.Assignment0210;
				PRODUCT_NAME = "$(TARGET_NAME)";
				SWIFT_EMIT_LOC_STRINGS = YES;
				SWIFT_VERSION = 5.0;
				TARGETED_DEVICE_FAMILY = "1,2";
			};
			name = Debug;
		};
		91CD6FA627A9B0B400C91BC4 /* Release */ = {
			isa = XCBuildConfiguration;
			buildSettings = {
				ASSETCATALOG_COMPILER_APPICON_NAME = AppIcon;
				ASSETCATALOG_COMPILER_GLOBAL_ACCENT_COLOR_NAME = AccentColor;
				CODE_SIGN_STYLE = Automatic;
				CURRENT_PROJECT_VERSION = 1;
				DEVELOPMENT_ASSET_PATHS = "\"Assignment0210/Preview Content\"";
				ENABLE_PREVIEWS = YES;
				GENERATE_INFOPLIST_FILE = YES;
				INFOPLIST_KEY_UIApplicationSceneManifest_Generation = YES;
				INFOPLIST_KEY_UIApplicationSupportsIndirectInputEvents = YES;
				INFOPLIST_KEY_UILaunchScreen_Generation = YES;
				INFOPLIST_KEY_UISupportedInterfaceOrientations_iPad = "UIInterfaceOrientationPortrait UIInterfaceOrientationPortraitUpsideDown UIInterfaceOrientationLandscapeLeft UIInterfaceOrientationLandscapeRight";
				INFOPLIST_KEY_UISupportedInterfaceOrientations_iPhone = "UIInterfaceOrientationPortrait UIInterfaceOrientationLandscapeLeft UIInterfaceOrientationLandscapeRight";
				LD_RUNPATH_SEARCH_PATHS = (
					"$(inherited)",
					"@executable_path/Frameworks",
				);
				MARKETING_VERSION = 1.0;
				PRODUCT_BUNDLE_IDENTIFIER = lmu.Assignment0210;
				PRODUCT_NAME = "$(TARGET_NAME)";
				SWIFT_EMIT_LOC_STRINGS = YES;
				SWIFT_VERSION = 5.0;
				TARGETED_DEVICE_FAMILY = "1,2";
			};
			name = Release;
		};
		91CD6FA827A9B0B400C91BC4 /* Debug */ = {
			isa = XCBuildConfiguration;
			buildSettings = {
				ALWAYS_EMBED_SWIFT_STANDARD_LIBRARIES = YES;
				BUNDLE_LOADER = "$(TEST_HOST)";
				CODE_SIGN_STYLE = Automatic;
				CURRENT_PROJECT_VERSION = 1;
				GENERATE_INFOPLIST_FILE = YES;
				IPHONEOS_DEPLOYMENT_TARGET = 15.2;
				MARKETING_VERSION = 1.0;
				PRODUCT_BUNDLE_IDENTIFIER = lmu.Assignment0210Tests;
				PRODUCT_NAME = "$(TARGET_NAME)";
				SWIFT_EMIT_LOC_STRINGS = NO;
				SWIFT_VERSION = 5.0;
				TARGETED_DEVICE_FAMILY = "1,2";
				TEST_HOST = "$(BUILT_PRODUCTS_DIR)/Assignment0210.app/Assignment0210";
			};
			name = Debug;
		};
		91CD6FA927A9B0B400C91BC4 /* Release */ = {
			isa = XCBuildConfiguration;
			buildSettings = {
				ALWAYS_EMBED_SWIFT_STANDARD_LIBRARIES = YES;
				BUNDLE_LOADER = "$(TEST_HOST)";
				CODE_SIGN_STYLE = Automatic;
				CURRENT_PROJECT_VERSION = 1;
				GENERATE_INFOPLIST_FILE = YES;
				IPHONEOS_DEPLOYMENT_TARGET = 15.2;
				MARKETING_VERSION = 1.0;
				PRODUCT_BUNDLE_IDENTIFIER = lmu.Assignment0210Tests;
				PRODUCT_NAME = "$(TARGET_NAME)";
				SWIFT_EMIT_LOC_STRINGS = NO;
				SWIFT_VERSION = 5.0;
				TARGETED_DEVICE_FAMILY = "1,2";
				TEST_HOST = "$(BUILT_PRODUCTS_DIR)/Assignment0210.app/Assignment0210";
			};
			name = Release;
		};
		91CD6FAB27A9B0B400C91BC4 /* Debug */ = {
			isa = XCBuildConfiguration;
			buildSettings = {
				ALWAYS_EMBED_SWIFT_STANDARD_LIBRARIES = YES;
				CODE_SIGN_STYLE = Automatic;
				CURRENT_PROJECT_VERSION = 1;
				GENERATE_INFOPLIST_FILE = YES;
				MARKETING_VERSION = 1.0;
				PRODUCT_BUNDLE_IDENTIFIER = lmu.Assignment0210UITests;
				PRODUCT_NAME = "$(TARGET_NAME)";
				SWIFT_EMIT_LOC_STRINGS = NO;
				SWIFT_VERSION = 5.0;
				TARGETED_DEVICE_FAMILY = "1,2";
				TEST_TARGET_NAME = Assignment0210;
			};
			name = Debug;
		};
		91CD6FAC27A9B0B400C91BC4 /* Release */ = {
			isa = XCBuildConfiguration;
			buildSettings = {
				ALWAYS_EMBED_SWIFT_STANDARD_LIBRARIES = YES;
				CODE_SIGN_STYLE = Automatic;
				CURRENT_PROJECT_VERSION = 1;
				GENERATE_INFOPLIST_FILE = YES;
				MARKETING_VERSION = 1.0;
				PRODUCT_BUNDLE_IDENTIFIER = lmu.Assignment0210UITests;
				PRODUCT_NAME = "$(TARGET_NAME)";
				SWIFT_EMIT_LOC_STRINGS = NO;
				SWIFT_VERSION = 5.0;
				TARGETED_DEVICE_FAMILY = "1,2";
				TEST_TARGET_NAME = Assignment0210;
			};
			name = Release;
		};
/* End XCBuildConfiguration section */

/* Begin XCConfigurationList section */
		91CD6F7B27A9B0A900C91BC4 /* Build configuration list for PBXProject "ThemeParks" */ = {
			isa = XCConfigurationList;
			buildConfigurations = (
				91CD6FA227A9B0B400C91BC4 /* Debug */,
				91CD6FA327A9B0B400C91BC4 /* Release */,
			);
			defaultConfigurationIsVisible = 0;
			defaultConfigurationName = Release;
		};
		91CD6FA427A9B0B400C91BC4 /* Build configuration list for PBXNativeTarget "Assignment0210" */ = {
			isa = XCConfigurationList;
			buildConfigurations = (
				91CD6FA527A9B0B400C91BC4 /* Debug */,
				91CD6FA627A9B0B400C91BC4 /* Release */,
			);
			defaultConfigurationIsVisible = 0;
			defaultConfigurationName = Release;
		};
		91CD6FA727A9B0B400C91BC4 /* Build configuration list for PBXNativeTarget "Assignment0210Tests" */ = {
			isa = XCConfigurationList;
			buildConfigurations = (
				91CD6FA827A9B0B400C91BC4 /* Debug */,
				91CD6FA927A9B0B400C91BC4 /* Release */,
			);
			defaultConfigurationIsVisible = 0;
			defaultConfigurationName = Release;
		};
		91CD6FAA27A9B0B400C91BC4 /* Build configuration list for PBXNativeTarget "Assignment0210UITests" */ = {
			isa = XCConfigurationList;
			buildConfigurations = (
				91CD6FAB27A9B0B400C91BC4 /* Debug */,
				91CD6FAC27A9B0B400C91BC4 /* Release */,
			);
			defaultConfigurationIsVisible = 0;
			defaultConfigurationName = Release;
		};
/* End XCConfigurationList section */
	};
	rootObject = 91CD6F7827A9B0A900C91BC4 /* Project object */;
}
